
Microsoft Visual Studio Solution File, Format Version 12.00
# Visual Studio Version 16
VisualStudioVersion = 16.0.30523.141
MinimumVisualStudioVersion = 10.0.40219.1
Project("{9A19103F-16F7-4668-BE54-9A1E7A4F7556}") = "Pokedex", "Pokedex\Pokedex.csproj", "{49A34DE6-167B-4AFF-8555-45CC982CF184}"
EndProject
Project("{FAE04EC0-301F-11D3-BF4B-00C04F79EFBC}") = "ApiHelperXUnitTests", "ApiHelperXUnitTests\ApiHelperXUnitTests.csproj", "{6AC43D57-14CC-4F20-B440-9882B7462105}"
EndProject
Project("{FAE04EC0-301F-11D3-BF4B-00C04F79EFBC}") = "ApiHelper", "ApiHelper\ApiHelper.csproj", "{36EC7E82-EB90-4A05-85AF-061428986753}"
EndProject
Project("{FAE04EC0-301F-11D3-BF4B-00C04F79EFBC}") = "PokeApi", "PokeApi\PokeApi.csproj", "{699AF423-99A3-4E73-9539-2F48B5EAF4C9}"
EndProject
Global
	GlobalSection(SolutionConfigurationPlatforms) = preSolution
		Debug|Any CPU = Debug|Any CPU
		Release|Any CPU = Release|Any CPU
	EndGlobalSection
	GlobalSection(ProjectConfigurationPlatforms) = postSolution
		{49A34DE6-167B-4AFF-8555-45CC982CF184}.Debug|Any CPU.ActiveCfg = Debug|Any CPU
		{49A34DE6-167B-4AFF-8555-45CC982CF184}.Debug|Any CPU.Build.0 = Debug|Any CPU
		{49A34DE6-167B-4AFF-8555-45CC982CF184}.Release|Any CPU.ActiveCfg = Release|Any CPU
		{49A34DE6-167B-4AFF-8555-45CC982CF184}.Release|Any CPU.Build.0 = Release|Any CPU
		{6AC43D57-14CC-4F20-B440-9882B7462105}.Debug|Any CPU.ActiveCfg = Debug|Any CPU
		{6AC43D57-14CC-4F20-B440-9882B7462105}.Debug|Any CPU.Build.0 = Debug|Any CPU
		{6AC43D57-14CC-4F20-B440-9882B7462105}.Release|Any CPU.ActiveCfg = Release|Any CPU
		{6AC43D57-14CC-4F20-B440-9882B7462105}.Release|Any CPU.Build.0 = Release|Any CPU
		{36EC7E82-EB90-4A05-85AF-061428986753}.Debug|Any CPU.ActiveCfg = Debug|Any CPU
		{36EC7E82-EB90-4A05-85AF-061428986753}.Debug|Any CPU.Build.0 = Debug|Any CPU
		{36EC7E82-EB90-4A05-85AF-061428986753}.Release|Any CPU.ActiveCfg = Release|Any CPU
		{36EC7E82-EB90-4A05-85AF-061428986753}.Release|Any CPU.Build.0 = Release|Any CPU
		{699AF423-99A3-4E73-9539-2F48B5EAF4C9}.Debug|Any CPU.ActiveCfg = Debug|Any CPU
		{699AF423-99A3-4E73-9539-2F48B5EAF4C9}.Debug|Any CPU.Build.0 = Debug|Any CPU
		{699AF423-99A3-4E73-9539-2F48B5EAF4C9}.Release|Any CPU.ActiveCfg = Release|Any CPU
		{699AF423-99A3-4E73-9539-2F48B5EAF4C9}.Release|Any CPU.Build.0 = Release|Any CPU
	EndGlobalSection
	GlobalSection(SolutionProperties) = preSolution
		HideSolutionNode = FALSE
	EndGlobalSection
	GlobalSection(ExtensibilityGlobals) = postSolution
		SolutionGuid = {0A1BA56F-EF14-4A61-AD0E-0948B13C12EB}
	EndGlobalSection
EndGlobal
